
Microsoft Visual Studio Solution File, Format Version 12.00
# Visual Studio 15
VisualStudioVersion = 15.0.28010.2046
MinimumVisualStudioVersion = 10.0.40219.1
Project("{9A19103F-16F7-4668-BE54-9A1E7A4F7556}") = "VariableBase.Mathematics", "..\Math\VariableBase.Mathematics\VariableBase.Mathematics\VariableBase.Mathematics.csproj", "{0664CC3A-DD7B-4C2B-AAA8-04E81D11ED46}"
EndProject
Project("{FAE04EC0-301F-11D3-BF4B-00C04F79EFBC}") = "MichaelKappel.PI", "MichaelKappel.PI\MichaelKappel.PI.csproj", "{7067AF50-051A-4BC2-B609-C72DD7B2921F}"
EndProject
Project("{FAE04EC0-301F-11D3-BF4B-00C04F79EFBC}") = "MichaelKappel.PI.Tests", "MichaelKappel.PI.Tests\MichaelKappel.PI.Tests.csproj", "{EE8C8198-AAD4-4149-ACDD-C1995DBF962C}"
EndProject
Global
	GlobalSection(SolutionConfigurationPlatforms) = preSolution
		Debug|Any CPU = Debug|Any CPU
		Release|Any CPU = Release|Any CPU
	EndGlobalSection
	GlobalSection(ProjectConfigurationPlatforms) = postSolution
		{0664CC3A-DD7B-4C2B-AAA8-04E81D11ED46}.Debug|Any CPU.ActiveCfg = Debug|Any CPU
		{0664CC3A-DD7B-4C2B-AAA8-04E81D11ED46}.Debug|Any CPU.Build.0 = Debug|Any CPU
		{0664CC3A-DD7B-4C2B-AAA8-04E81D11ED46}.Release|Any CPU.ActiveCfg = Release|Any CPU
		{0664CC3A-DD7B-4C2B-AAA8-04E81D11ED46}.Release|Any CPU.Build.0 = Release|Any CPU
		{7067AF50-051A-4BC2-B609-C72DD7B2921F}.Debug|Any CPU.ActiveCfg = Debug|Any CPU
		{7067AF50-051A-4BC2-B609-C72DD7B2921F}.Debug|Any CPU.Build.0 = Debug|Any CPU
		{7067AF50-051A-4BC2-B609-C72DD7B2921F}.Release|Any CPU.ActiveCfg = Release|Any CPU
		{7067AF50-051A-4BC2-B609-C72DD7B2921F}.Release|Any CPU.Build.0 = Release|Any CPU
		{EE8C8198-AAD4-4149-ACDD-C1995DBF962C}.Debug|Any CPU.ActiveCfg = Debug|Any CPU
		{EE8C8198-AAD4-4149-ACDD-C1995DBF962C}.Debug|Any CPU.Build.0 = Debug|Any CPU
		{EE8C8198-AAD4-4149-ACDD-C1995DBF962C}.Release|Any CPU.ActiveCfg = Release|Any CPU
		{EE8C8198-AAD4-4149-ACDD-C1995DBF962C}.Release|Any CPU.Build.0 = Release|Any CPU
	EndGlobalSection
	GlobalSection(SolutionProperties) = preSolution
		HideSolutionNode = FALSE
	EndGlobalSection
	GlobalSection(ExtensibilityGlobals) = postSolution
		SolutionGuid = {F3170DA4-9E6F-4CD7-9D1E-F3BB7058921C}
	EndGlobalSection
EndGlobal
